
Microsoft Visual Studio Solution File, Format Version 12.00
# Visual Studio Version 16
VisualStudioVersion = 16.0.29609.76
MinimumVisualStudioVersion = 10.0.40219.1
Project("{FAE04EC0-301F-11D3-BF4B-00C04F79EFBC}") = "NameFilter", "NameFilter\NameFilter.csproj", "{BA215009-15A5-4BBD-83DE-8EBA7298B671}"
EndProject
Global
	GlobalSection(SolutionConfigurationPlatforms) = preSolution
		Debug|Any CPU = Debug|Any CPU
		Release|Any CPU = Release|Any CPU
	EndGlobalSection
	GlobalSection(ProjectConfigurationPlatforms) = postSolution
		{BA215009-15A5-4BBD-83DE-8EBA7298B671}.Debug|Any CPU.ActiveCfg = Release|Any CPU
		{BA215009-15A5-4BBD-83DE-8EBA7298B671}.Debug|Any CPU.Build.0 = Release|Any CPU
		{BA215009-15A5-4BBD-83DE-8EBA7298B671}.Release|Any CPU.ActiveCfg = Release|Any CPU
		{BA215009-15A5-4BBD-83DE-8EBA7298B671}.Release|Any CPU.Build.0 = Release|Any CPU
	EndGlobalSection
	GlobalSection(SolutionProperties) = preSolution
		HideSolutionNode = FALSE
	EndGlobalSection
	GlobalSection(ExtensibilityGlobals) = postSolution
		SolutionGuid = {4CC476F8-9E93-4568-9564-29D1E64BA6BE}
	EndGlobalSection
EndGlobal
